
Microsoft Visual Studio Solution File, Format Version 12.00
# Visual Studio Version 16
VisualStudioVersion = 16.0.810.9
MinimumVisualStudioVersion = 10.0.40219.1
Project("{FAE04EC0-301F-11D3-BF4B-00C04F79EFBC}") = "GenericsAssignment", "GenericsAssignment\GenericsAssignment.csproj", "{5679DB30-2B34-41BA-B282-C7E911A99785}"
EndProject
Global
	GlobalSection(SolutionConfigurationPlatforms) = preSolution
		Debug|Any CPU = Debug|Any CPU
		Release|Any CPU = Release|Any CPU
	EndGlobalSection
	GlobalSection(ProjectConfigurationPlatforms) = postSolution
		{5679DB30-2B34-41BA-B282-C7E911A99785}.Debug|Any CPU.ActiveCfg = Debug|Any CPU
		{5679DB30-2B34-41BA-B282-C7E911A99785}.Debug|Any CPU.Build.0 = Debug|Any CPU
		{5679DB30-2B34-41BA-B282-C7E911A99785}.Release|Any CPU.ActiveCfg = Release|Any CPU
		{5679DB30-2B34-41BA-B282-C7E911A99785}.Release|Any CPU.Build.0 = Release|Any CPU
	EndGlobalSection
	GlobalSection(SolutionProperties) = preSolution
		HideSolutionNode = FALSE
	EndGlobalSection
	GlobalSection(ExtensibilityGlobals) = postSolution
		SolutionGuid = {0CB4811C-E5E4-484B-A4AA-94545F439558}
	EndGlobalSection
EndGlobal
