
Microsoft Visual Studio Solution File, Format Version 12.00
# Visual Studio Version 16
VisualStudioVersion = 16.0.810.9
MinimumVisualStudioVersion = 10.0.40219.1
Project("{FAE04EC0-301F-11D3-BF4B-00C04F79EFBC}") = "StructsAssignment", "StructsAssignment\StructsAssignment.csproj", "{2A185323-6D1B-4C84-AF74-F2E53702E85E}"
EndProject
Global
	GlobalSection(SolutionConfigurationPlatforms) = preSolution
		Debug|Any CPU = Debug|Any CPU
		Release|Any CPU = Release|Any CPU
	EndGlobalSection
	GlobalSection(ProjectConfigurationPlatforms) = postSolution
		{2A185323-6D1B-4C84-AF74-F2E53702E85E}.Debug|Any CPU.ActiveCfg = Debug|Any CPU
		{2A185323-6D1B-4C84-AF74-F2E53702E85E}.Debug|Any CPU.Build.0 = Debug|Any CPU
		{2A185323-6D1B-4C84-AF74-F2E53702E85E}.Release|Any CPU.ActiveCfg = Release|Any CPU
		{2A185323-6D1B-4C84-AF74-F2E53702E85E}.Release|Any CPU.Build.0 = Release|Any CPU
	EndGlobalSection
	GlobalSection(SolutionProperties) = preSolution
		HideSolutionNode = FALSE
	EndGlobalSection
	GlobalSection(ExtensibilityGlobals) = postSolution
		SolutionGuid = {E40B586C-AEBB-43FC-8440-B1FEBA3326CC}
	EndGlobalSection
EndGlobal
