
Microsoft Visual Studio Solution File, Format Version 12.00
# Visual Studio Version 16
VisualStudioVersion = 16.0.810.9
MinimumVisualStudioVersion = 10.0.40219.1
Project("{FAE04EC0-301F-11D3-BF4B-00C04F79EFBC}") = "EnumsAssignment", "EnumsAssignment\EnumsAssignment.csproj", "{3CFF29EC-7276-4E30-B5FE-1BFC01A864A5}"
EndProject
Global
	GlobalSection(SolutionConfigurationPlatforms) = preSolution
		Debug|Any CPU = Debug|Any CPU
		Release|Any CPU = Release|Any CPU
	EndGlobalSection
	GlobalSection(ProjectConfigurationPlatforms) = postSolution
		{3CFF29EC-7276-4E30-B5FE-1BFC01A864A5}.Debug|Any CPU.ActiveCfg = Debug|Any CPU
		{3CFF29EC-7276-4E30-B5FE-1BFC01A864A5}.Debug|Any CPU.Build.0 = Debug|Any CPU
		{3CFF29EC-7276-4E30-B5FE-1BFC01A864A5}.Release|Any CPU.ActiveCfg = Release|Any CPU
		{3CFF29EC-7276-4E30-B5FE-1BFC01A864A5}.Release|Any CPU.Build.0 = Release|Any CPU
	EndGlobalSection
	GlobalSection(SolutionProperties) = preSolution
		HideSolutionNode = FALSE
	EndGlobalSection
	GlobalSection(ExtensibilityGlobals) = postSolution
		SolutionGuid = {35DB8593-5D26-4968-9B09-0E9850DCD589}
	EndGlobalSection
EndGlobal
