
Microsoft Visual Studio Solution File, Format Version 12.00
# Visual Studio Version 16
VisualStudioVersion = 16.0.810.10
MinimumVisualStudioVersion = 10.0.40219.1
Project("{FAE04EC0-301F-11D3-BF4B-00C04F79EFBC}") = "StudentsMVC", "StudentsMVC\StudentsMVC.csproj", "{621981E1-CE0D-448A-97A8-FA9A1D441F66}"
EndProject
Global
	GlobalSection(SolutionConfigurationPlatforms) = preSolution
		Debug|Any CPU = Debug|Any CPU
		Release|Any CPU = Release|Any CPU
	EndGlobalSection
	GlobalSection(ProjectConfigurationPlatforms) = postSolution
		{621981E1-CE0D-448A-97A8-FA9A1D441F66}.Debug|Any CPU.ActiveCfg = Debug|Any CPU
		{621981E1-CE0D-448A-97A8-FA9A1D441F66}.Debug|Any CPU.Build.0 = Debug|Any CPU
		{621981E1-CE0D-448A-97A8-FA9A1D441F66}.Release|Any CPU.ActiveCfg = Release|Any CPU
		{621981E1-CE0D-448A-97A8-FA9A1D441F66}.Release|Any CPU.Build.0 = Release|Any CPU
	EndGlobalSection
	GlobalSection(SolutionProperties) = preSolution
		HideSolutionNode = FALSE
	EndGlobalSection
	GlobalSection(ExtensibilityGlobals) = postSolution
		SolutionGuid = {E7E003B9-6919-4182-80DA-53A8F9C17D17}
	EndGlobalSection
EndGlobal
